
Microsoft Visual Studio Solution File, Format Version 12.00
# Visual Studio Version 17
VisualStudioVersion = 17.5.33627.172
MinimumVisualStudioVersion = 10.0.40219.1
Project("{9A19103F-16F7-4668-BE54-9A1E7A4F7556}") = "HashTable", "HashTable\HashTable.csproj", "{EF8F0FA8-57D6-4C22-B10F-68632985380C}"
EndProject
Global
	GlobalSection(SolutionConfigurationPlatforms) = preSolution
		Debug|Any CPU = Debug|Any CPU
		Release|Any CPU = Release|Any CPU
	EndGlobalSection
	GlobalSection(ProjectConfigurationPlatforms) = postSolution
		{EF8F0FA8-57D6-4C22-B10F-68632985380C}.Debug|Any CPU.ActiveCfg = Debug|Any CPU
		{EF8F0FA8-57D6-4C22-B10F-68632985380C}.Debug|Any CPU.Build.0 = Debug|Any CPU
		{EF8F0FA8-57D6-4C22-B10F-68632985380C}.Release|Any CPU.ActiveCfg = Release|Any CPU
		{EF8F0FA8-57D6-4C22-B10F-68632985380C}.Release|Any CPU.Build.0 = Release|Any CPU
	EndGlobalSection
	GlobalSection(SolutionProperties) = preSolution
		HideSolutionNode = FALSE
	EndGlobalSection
	GlobalSection(ExtensibilityGlobals) = postSolution
		SolutionGuid = {380CFF18-E807-4DFB-B21F-6183A112674D}
	EndGlobalSection
EndGlobal
